{
  "name": "h5-template",
  "version": "1.0.0",
  "lockfileVersion": 1,
  "requires": true,
  "dependencies": {
    "babel-plugin-component": {
      "version": "0.10.1",
      "resolved": "https://registry.npmjs.org/babel-plugin-component/-/babel-plugin-component-0.10.1.tgz",
      "integrity": "sha512-lDnSRHmOyM2K/DWrusAgv04yDgoJVA0vJOiiNHTA6kP+VUzwqAjcjHQbFEQFgKE0WHxhb0mCsKrocOIjK1qgKQ==",
      "dev": true
    }
  }
}
